{
  "pins" : [
    {
      "identity" : "snowplow-ios-tracker",
      "kind" : "remoteSourceControl",
      "location" : "https://github.com/snowplow/snowplow-ios-tracker.git",
      "state" : {
        "revision" : "97af26f34deba21bb648331448c992480445282b",
        "version" : "6.2.4"
      }
    }
  ],
  "version" : 2
}
